// !$*UTF8*$!
{
	archiveVersion = 1;
	classes = {
	};
	objectVersion = 46;
	objects = {

/* Begin PBXBuildFile section */
		2B9028521C5685BE0082E1BA /* AppDelegate.swift in Sources */ = {isa = PBXBuildFile; fileRef = 2B9028511C5685BE0082E1BA /* AppDelegate.swift */; };
		2B9028541C5685BE0082E1BA /* ViewController.swift in Sources */ = {isa = PBXBuildFile; fileRef = 2B9028531C5685BE0082E1BA /* ViewController.swift */; };
		2B9028571C5685BE0082E1BA /* Main.storyboard in Resources */ = {isa = PBXBuildFile; fileRef = 2B9028551C5685BE0082E1BA /* Main.storyboard */; };
		2B9028591C5685BE0082E1BA /* Assets.xcassets in Resources */ = {isa = PBXBuildFile; fileRef = 2B9028581C5685BE0082E1BA /* Assets.xcassets */; };
		2B90285C1C5685BE0082E1BA /* LaunchScreen.storyboard in Resources */ = {isa = PBXBuildFile; fileRef = 2B90285A1C5685BE0082E1BA /* LaunchScreen.storyboard */; };
/* End PBXBuildFile section */

/* Begin PBXFileReference section */
		2B90284E1C5685BE0082E1BA /* NavigationLayout.app */ = {isa = PBXFileReference; explicitFileType = wrapper.application; includeInIndex = 0; path = NavigationLayout.app; sourceTree = BUILT_PRODUCTS_DIR; };
		2B9028511C5685BE0082E1BA /* AppDelegate.swift */ = {isa = PBXFileReference; lastKnownFileType = sourcecode.swift; path = AppDelegate.swift; sourceTree = "<group>"; };
		2B9028531C5685BE0082E1BA /* ViewController.swift */ = {isa = PBXFileReference; lastKnownFileType = sourcecode.swift; path = ViewController.swift; sourceTree = "<group>"; };
		2B9028561C5685BE0082E1BA /* Base */ = {isa = PBXFileReference; lastKnownFileType = file.storyboard; name = Base; path = Base.lproj/Main.storyboard; sourceTree = "<group>"; };
		2B9028581C5685BE0082E1BA /* Assets.xcassets */ = {isa = PBXFileReference; lastKnownFileType = folder.assetcatalog; path = Assets.xcassets; sourceTree = "<group>"; };
		2B90285B1C5685BE0082E1BA /* Base */ = {isa = PBXFileReference; lastKnownFileType = file.storyboard; name = Base; path = Base.lproj/LaunchScreen.storyboard; sourceTree = "<group>"; };
		2B90285D1C5685BE0082E1BA /* Info.plist */ = {isa = PBXFileReference; lastKnownFileType = text.plist.xml; path = Info.plist; sourceTree = "<group>"; };
/* End PBXFileReference section */

/* Begin PBXFrameworksBuildPhase section */
		2B90284B1C5685BE0082E1BA /* Frameworks */ = {
			isa = PBXFrameworksBuildPhase;
			buildActionMask = 2147483647;
			files = (
			);
			runOnlyForDeploymentPostprocessing = 0;
		};
/* End PBXFrameworksBuildPhase section */

/* Begin PBXGroup section */
		2B9028451C5685BE0082E1BA = {
			isa = PBXGroup;
			children = (
				2B9028501C5685BE0082E1BA /* AutoLayout */,
				2B90284F1C5685BE0082E1BA /* Products */,
			);
			sourceTree = "<group>";
		};
		2B90284F1C5685BE0082E1BA /* Products */ = {
			isa = PBXGroup;
			children = (
				2B90284E1C5685BE0082E1BA /* NavigationLayout.app */,
			);
			name = Products;
			sourceTree = "<group>";
		};
		2B9028501C5685BE0082E1BA /* AutoLayout */ = {
			isa = PBXGroup;
			children = (
				2B9028511C5685BE0082E1BA /* AppDelegate.swift */,
				2B9028531C5685BE0082E1BA /* ViewController.swift */,
				2B9028551C5685BE0082E1BA /* Main.storyboard */,
				2B9028581C5685BE0082E1BA /* Assets.xcassets */,
				2B90285A1C5685BE0082E1BA /* LaunchScreen.storyboard */,
				2B90285D1C5685BE0082E1BA /* Info.plist */,
			);
			path = AutoLayout;
			sourceTree = "<group>";
		};
/* End PBXGroup section */

/* Begin PBXNativeTarget section */
		2B90284D1C5685BE0082E1BA /* NavigationLayout */ = {
			isa = PBXNativeTarget;
			buildConfigurationList = 2B9028601C5685BE0082E1BA /* Build configuration list for PBXNativeTarget "NavigationLayout" */;
			buildPhases = (
				2B90284A1C5685BE0082E1BA /* Sources */,
				2B90284B1C5685BE0082E1BA /* Frameworks */,
				2B90284C1C5685BE0082E1BA /* Resources */,
			);
			buildRules = (
			);
			dependencies = (
			);
			name = NavigationLayout;
			productName = AutoLayout;
			productReference = 2B90284E1C5685BE0082E1BA /* NavigationLayout.app */;
			productType = "com.apple.product-type.application";
		};
/* End PBXNativeTarget section */

/* Begin PBXProject section */
		2B9028461C5685BE0082E1BA /* Project object */ = {
			isa = PBXProject;
			attributes = {
				LastSwiftUpdateCheck = 0720;
				LastUpgradeCheck = 0720;
				ORGANIZATIONNAME = FIB;
				TargetAttributes = {
					2B90284D1C5685BE0082E1BA = {
						CreatedOnToolsVersion = 7.2;
					};
				};
			};
			buildConfigurationList = 2B9028491C5685BE0082E1BA /* Build configuration list for PBXProject "NavigationLayout" */;
			compatibilityVersion = "Xcode 3.2";
			developmentRegion = English;
			hasScannedForEncodings = 0;
			knownRegions = (
				en,
				Base,
			);
			mainGroup = 2B9028451C5685BE0082E1BA;
			productRefGroup = 2B90284F1C5685BE0082E1BA /* Products */;
			projectDirPath = "";
			projectRoot = "";
			targets = (
				2B90284D1C5685BE0082E1BA /* NavigationLayout */,
			);
		};
/* End PBXProject section */

/* Begin PBXResourcesBuildPhase section */
		2B90284C1C5685BE0082E1BA /* Resources */ = {
			isa = PBXResourcesBuildPhase;
			buildActionMask = 2147483647;
			files = (
				2B90285C1C5685BE0082E1BA /* LaunchScreen.storyboard in Resources */,
				2B9028591C5685BE0082E1BA /* Assets.xcassets in Resources */,
				2B9028571C5685BE0082E1BA /* Main.storyboard in Resources */,
			);
			runOnlyForDeploymentPostprocessing = 0;
		};
/* End PBXResourcesBuildPhase section */

/* Begin PBXSourcesBuildPhase section */
		2B90284A1C5685BE0082E1BA /* Sources */ = {
			isa = PBXSourcesBuildPhase;
			buildActionMask = 2147483647;
			files = (
				2B9028541C5685BE0082E1BA /* ViewController.swift in Sources */,
				2B9028521C5685BE0082E1BA /* AppDelegate.swift in Sources */,
			);
			runOnlyForDeploymentPostprocessing = 0;
		};
/* End PBXSourcesBuildPhase section */

/* Begin PBXVariantGroup section */
		2B9028551C5685BE0082E1BA /* Main.storyboard */ = {
			isa = PBXVariantGroup;
			children = (
				2B9028561C5685BE0082E1BA /* Base */,
			);
			name = Main.storyboard;
			sourceTree = "<group>";
		};
		2B90285A1C5685BE0082E1BA /* LaunchScreen.storyboard */ = {
			isa = PBXVariantGroup;
			children = (
				2B90285B1C5685BE0082E1BA /* Base */,
			);
			name = LaunchScreen.storyboard;
			sourceTree = "<group>";
		};
/* End PBXVariantGroup section */

/* Begin XCBuildConfiguration section */
		2B90285E1C5685BE0082E1BA /* Debug */ = {
			isa = XCBuildConfiguration;
			buildSettings = {
				ALWAYS_SEARCH_USER_PATHS = NO;
				CLANG_CXX_LANGUAGE_STANDARD = "gnu++0x";
				CLANG_CXX_LIBRARY = "libc++";
				CLANG_ENABLE_MODULES = YES;
				CLANG_ENABLE_OBJC_ARC = YES;
				CLANG_WARN_BOOL_CONVERSION = YES;
				CLANG_WARN_CONSTANT_CONVERSION = YES;
				CLANG_WARN_DIRECT_OBJC_ISA_USAGE = YES_ERROR;
				CLANG_WARN_EMPTY_BODY = YES;
				CLANG_WARN_ENUM_CONVERSION = YES;
				CLANG_WARN_INT_CONVERSION = YES;
				CLANG_WARN_OBJC_ROOT_CLASS = YES_ERROR;
				CLANG_WARN_UNREACHABLE_CODE = YES;
				CLANG_WARN__DUPLICATE_METHOD_MATCH = YES;
				"CODE_SIGN_IDENTITY[sdk=iphoneos*]" = "iPhone Developer";
				COPY_PHASE_STRIP = NO;
				DEBUG_INFORMATION_FORMAT = dwarf;
				ENABLE_STRICT_OBJC_MSGSEND = YES;
				ENABLE_TESTABILITY = YES;
				GCC_C_LANGUAGE_STANDARD = gnu99;
				GCC_DYNAMIC_NO_PIC = NO;
				GCC_NO_COMMON_BLOCKS = YES;
				GCC_OPTIMIZATION_LEVEL = 0;
				GCC_PREPROCESSOR_DEFINITIONS = (
					"DEBUG=1",
					"$(inherited)",
				);
				GCC_WARN_64_TO_32_BIT_CONVERSION = YES;
				GCC_WARN_ABOUT_RETURN_TYPE = YES_ERROR;
				GCC_WARN_UNDECLARED_SELECTOR = YES;
				GCC_WARN_UNINITIALIZED_AUTOS = YES_AGGRESSIVE;
				GCC_WARN_UNUSED_FUNCTION = YES;
				GCC_WARN_UNUSED_VARIABLE = YES;
				IPHONEOS_DEPLOYMENT_TARGET = 9.2;
				MTL_ENABLE_DEBUG_INFO = YES;
				ONLY_ACTIVE_ARCH = YES;
				SDKROOT = iphoneos;
				SWIFT_OPTIMIZATION_LEVEL = "-Onone";
				TARGETED_DEVICE_FAMILY = "1,2";
			};
			name = Debug;
		};
		2B90285F1C5685BE0082E1BA /* Release */ = {
			isa = XCBuildConfiguration;
			buildSettings = {
				ALWAYS_SEARCH_USER_PATHS = NO;
				CLANG_CXX_LANGUAGE_STANDARD = "gnu++0x";
				CLANG_CXX_LIBRARY = "libc++";
				CLANG_ENABLE_MODULES = YES;
				CLANG_ENABLE_OBJC_ARC = YES;
				CLANG_WARN_BOOL_CONVERSION = YES;
				CLANG_WARN_CONSTANT_CONVERSION = YES;
				CLANG_WARN_DIRECT_OBJC_ISA_USAGE = YES_ERROR;
				CLANG_WARN_EMPTY_BODY = YES;
				CLANG_WARN_ENUM_CONVERSION = YES;
				CLANG_WARN_INT_CONVERSION = YES;
				CLANG_WARN_OBJC_ROOT_CLASS = YES_ERROR;
				CLANG_WARN_UNREACHABLE_CODE = YES;
				CLANG_WARN__DUPLICATE_METHOD_MATCH = YES;
				"CODE_SIGN_IDENTITY[sdk=iphoneos*]" = "iPhone Developer";
				COPY_PHASE_STRIP = NO;
				DEBUG_INFORMATION_FORMAT = "dwarf-with-dsym";
				ENABLE_NS_ASSERTIONS = NO;
				ENABLE_STRICT_OBJC_MSGSEND = YES;
				GCC_C_LANGUAGE_STANDARD = gnu99;
				GCC_NO_COMMON_BLOCKS = YES;
				GCC_WARN_64_TO_32_BIT_CONVERSION = YES;
				GCC_WARN_ABOUT_RETURN_TYPE = YES_ERROR;
				GCC_WARN_UNDECLARED_SELECTOR = YES;
				GCC_WARN_UNINITIALIZED_AUTOS = YES_AGGRESSIVE;
				GCC_WARN_UNUSED_FUNCTION = YES;
				GCC_WARN_UNUSED_VARIABLE = YES;
				IPHONEOS_DEPLOYMENT_TARGET = 9.2;
				MTL_ENABLE_DEBUG_INFO = NO;
				SDKROOT = iphoneos;
				TARGETED_DEVICE_FAMILY = "1,2";
				VALIDATE_PRODUCT = YES;
			};
			name = Release;
		};
		2B9028611C5685BE0082E1BA /* Debug */ = {
			isa = XCBuildConfiguration;
			buildSettings = {
				ASSETCATALOG_COMPILER_APPICON_NAME = AppIcon;
				INFOPLIST_FILE = AutoLayout/Info.plist;
				LD_RUNPATH_SEARCH_PATHS = "$(inherited) @executable_path/Frameworks";
				PRODUCT_BUNDLE_IDENTIFIER = FIB.AutoLayout;
				PRODUCT_NAME = NavigationLayout;
			};
			name = Debug;
		};
		2B9028621C5685BE0082E1BA /* Release */ = {
			isa = XCBuildConfiguration;
			buildSettings = {
				ASSETCATALOG_COMPILER_APPICON_NAME = AppIcon;
				INFOPLIST_FILE = AutoLayout/Info.plist;
				LD_RUNPATH_SEARCH_PATHS = "$(inherited) @executable_path/Frameworks";
				PRODUCT_BUNDLE_IDENTIFIER = FIB.AutoLayout;
				PRODUCT_NAME = NavigationLayout;
			};
			name = Release;
		};
/* End XCBuildConfiguration section */

/* Begin XCConfigurationList section */
		2B9028491C5685BE0082E1BA /* Build configuration list for PBXProject "NavigationLayout" */ = {
			isa = XCConfigurationList;
			buildConfigurations = (
				2B90285E1C5685BE0082E1BA /* Debug */,
				2B90285F1C5685BE0082E1BA /* Release */,
			);
			defaultConfigurationIsVisible = 0;
			defaultConfigurationName = Release;
		};
		2B9028601C5685BE0082E1BA /* Build configuration list for PBXNativeTarget "NavigationLayout" */ = {
			isa = XCConfigurationList;
			buildConfigurations = (
				2B9028611C5685BE0082E1BA /* Debug */,
				2B9028621C5685BE0082E1BA /* Release */,
			);
			defaultConfigurationIsVisible = 0;
			defaultConfigurationName = Release;
		};
/* End XCConfigurationList section */
	};
	rootObject = 2B9028461C5685BE0082E1BA /* Project object */;
}
