// !$*UTF8*$!
{
	archiveVersion = 1;
	classes = {
	};
	objectVersion = 46;
	objects = {

/* Begin PBXBuildFile section */
		2B709BF51C626796001D1E3C /* Constants.swift in Sources */ = {isa = PBXBuildFile; fileRef = 2B709BF41C626796001D1E3C /* Constants.swift */; };
		2B709BF71C626A08001D1E3C /* ProductTableViewCell.swift in Sources */ = {isa = PBXBuildFile; fileRef = 2B709BF61C626A08001D1E3C /* ProductTableViewCell.swift */; };
		2B78DE181C5B9BCC0032314B /* AppDelegate.swift in Sources */ = {isa = PBXBuildFile; fileRef = 2B78DE171C5B9BCC0032314B /* AppDelegate.swift */; };
		2B78DE1A1C5B9BCC0032314B /* ViewController.swift in Sources */ = {isa = PBXBuildFile; fileRef = 2B78DE191C5B9BCC0032314B /* ViewController.swift */; };
		2B78DE1D1C5B9BCC0032314B /* Main.storyboard in Resources */ = {isa = PBXBuildFile; fileRef = 2B78DE1B1C5B9BCC0032314B /* Main.storyboard */; };
		2B78DE1F1C5B9BCC0032314B /* Assets.xcassets in Resources */ = {isa = PBXBuildFile; fileRef = 2B78DE1E1C5B9BCC0032314B /* Assets.xcassets */; };
		2B78DE221C5B9BCC0032314B /* LaunchScreen.storyboard in Resources */ = {isa = PBXBuildFile; fileRef = 2B78DE201C5B9BCC0032314B /* LaunchScreen.storyboard */; };
/* End PBXBuildFile section */

/* Begin PBXFileReference section */
		2B709BF41C626796001D1E3C /* Constants.swift */ = {isa = PBXFileReference; fileEncoding = 4; lastKnownFileType = sourcecode.swift; path = Constants.swift; sourceTree = "<group>"; };
		2B709BF61C626A08001D1E3C /* ProductTableViewCell.swift */ = {isa = PBXFileReference; fileEncoding = 4; lastKnownFileType = sourcecode.swift; path = ProductTableViewCell.swift; sourceTree = "<group>"; };
		2B78DE141C5B9BCB0032314B /* Fira.app */ = {isa = PBXFileReference; explicitFileType = wrapper.application; includeInIndex = 0; path = Fira.app; sourceTree = BUILT_PRODUCTS_DIR; };
		2B78DE171C5B9BCC0032314B /* AppDelegate.swift */ = {isa = PBXFileReference; lastKnownFileType = sourcecode.swift; path = AppDelegate.swift; sourceTree = "<group>"; };
		2B78DE191C5B9BCC0032314B /* ViewController.swift */ = {isa = PBXFileReference; lastKnownFileType = sourcecode.swift; path = ViewController.swift; sourceTree = "<group>"; };
		2B78DE1C1C5B9BCC0032314B /* Base */ = {isa = PBXFileReference; lastKnownFileType = file.storyboard; name = Base; path = Base.lproj/Main.storyboard; sourceTree = "<group>"; };
		2B78DE1E1C5B9BCC0032314B /* Assets.xcassets */ = {isa = PBXFileReference; lastKnownFileType = folder.assetcatalog; path = Assets.xcassets; sourceTree = "<group>"; };
		2B78DE211C5B9BCC0032314B /* Base */ = {isa = PBXFileReference; lastKnownFileType = file.storyboard; name = Base; path = Base.lproj/LaunchScreen.storyboard; sourceTree = "<group>"; };
		2B78DE231C5B9BCC0032314B /* Info.plist */ = {isa = PBXFileReference; lastKnownFileType = text.plist.xml; path = Info.plist; sourceTree = "<group>"; };
/* End PBXFileReference section */

/* Begin PBXFrameworksBuildPhase section */
		2B78DE111C5B9BCB0032314B /* Frameworks */ = {
			isa = PBXFrameworksBuildPhase;
			buildActionMask = 2147483647;
			files = (
			);
			runOnlyForDeploymentPostprocessing = 0;
		};
/* End PBXFrameworksBuildPhase section */

/* Begin PBXGroup section */
		2B78DE0B1C5B9BCB0032314B = {
			isa = PBXGroup;
			children = (
				2B78DE161C5B9BCB0032314B /* Fira */,
				2B78DE151C5B9BCB0032314B /* Products */,
			);
			sourceTree = "<group>";
		};
		2B78DE151C5B9BCB0032314B /* Products */ = {
			isa = PBXGroup;
			children = (
				2B78DE141C5B9BCB0032314B /* Fira.app */,
			);
			name = Products;
			sourceTree = "<group>";
		};
		2B78DE161C5B9BCB0032314B /* Fira */ = {
			isa = PBXGroup;
			children = (
				2B78DE171C5B9BCC0032314B /* AppDelegate.swift */,
				2B78DE191C5B9BCC0032314B /* ViewController.swift */,
				2B78DE1B1C5B9BCC0032314B /* Main.storyboard */,
				2B78DE1E1C5B9BCC0032314B /* Assets.xcassets */,
				2B78DE201C5B9BCC0032314B /* LaunchScreen.storyboard */,
				2B78DE231C5B9BCC0032314B /* Info.plist */,
				2B709BF41C626796001D1E3C /* Constants.swift */,
				2B709BF61C626A08001D1E3C /* ProductTableViewCell.swift */,
			);
			path = Fira;
			sourceTree = "<group>";
		};
/* End PBXGroup section */

/* Begin PBXNativeTarget section */
		2B78DE131C5B9BCB0032314B /* Fira */ = {
			isa = PBXNativeTarget;
			buildConfigurationList = 2B78DE261C5B9BCC0032314B /* Build configuration list for PBXNativeTarget "Fira" */;
			buildPhases = (
				2B78DE101C5B9BCB0032314B /* Sources */,
				2B78DE111C5B9BCB0032314B /* Frameworks */,
				2B78DE121C5B9BCB0032314B /* Resources */,
			);
			buildRules = (
			);
			dependencies = (
			);
			name = Fira;
			productName = Fira;
			productReference = 2B78DE141C5B9BCB0032314B /* Fira.app */;
			productType = "com.apple.product-type.application";
		};
/* End PBXNativeTarget section */

/* Begin PBXProject section */
		2B78DE0C1C5B9BCB0032314B /* Project object */ = {
			isa = PBXProject;
			attributes = {
				LastSwiftUpdateCheck = 0720;
				LastUpgradeCheck = 0720;
				ORGANIZATIONNAME = FIB;
				TargetAttributes = {
					2B78DE131C5B9BCB0032314B = {
						CreatedOnToolsVersion = 7.2;
						DevelopmentTeam = 9G9FQDT786;
					};
				};
			};
			buildConfigurationList = 2B78DE0F1C5B9BCB0032314B /* Build configuration list for PBXProject "Fira" */;
			compatibilityVersion = "Xcode 3.2";
			developmentRegion = English;
			hasScannedForEncodings = 0;
			knownRegions = (
				en,
				Base,
			);
			mainGroup = 2B78DE0B1C5B9BCB0032314B;
			productRefGroup = 2B78DE151C5B9BCB0032314B /* Products */;
			projectDirPath = "";
			projectRoot = "";
			targets = (
				2B78DE131C5B9BCB0032314B /* Fira */,
			);
		};
/* End PBXProject section */

/* Begin PBXResourcesBuildPhase section */
		2B78DE121C5B9BCB0032314B /* Resources */ = {
			isa = PBXResourcesBuildPhase;
			buildActionMask = 2147483647;
			files = (
				2B78DE221C5B9BCC0032314B /* LaunchScreen.storyboard in Resources */,
				2B78DE1F1C5B9BCC0032314B /* Assets.xcassets in Resources */,
				2B78DE1D1C5B9BCC0032314B /* Main.storyboard in Resources */,
			);
			runOnlyForDeploymentPostprocessing = 0;
		};
/* End PBXResourcesBuildPhase section */

/* Begin PBXSourcesBuildPhase section */
		2B78DE101C5B9BCB0032314B /* Sources */ = {
			isa = PBXSourcesBuildPhase;
			buildActionMask = 2147483647;
			files = (
				2B78DE1A1C5B9BCC0032314B /* ViewController.swift in Sources */,
				2B709BF71C626A08001D1E3C /* ProductTableViewCell.swift in Sources */,
				2B78DE181C5B9BCC0032314B /* AppDelegate.swift in Sources */,
				2B709BF51C626796001D1E3C /* Constants.swift in Sources */,
			);
			runOnlyForDeploymentPostprocessing = 0;
		};
/* End PBXSourcesBuildPhase section */

/* Begin PBXVariantGroup section */
		2B78DE1B1C5B9BCC0032314B /* Main.storyboard */ = {
			isa = PBXVariantGroup;
			children = (
				2B78DE1C1C5B9BCC0032314B /* Base */,
			);
			name = Main.storyboard;
			sourceTree = "<group>";
		};
		2B78DE201C5B9BCC0032314B /* LaunchScreen.storyboard */ = {
			isa = PBXVariantGroup;
			children = (
				2B78DE211C5B9BCC0032314B /* Base */,
			);
			name = LaunchScreen.storyboard;
			sourceTree = "<group>";
		};
/* End PBXVariantGroup section */

/* Begin XCBuildConfiguration section */
		2B78DE241C5B9BCC0032314B /* Debug */ = {
			isa = XCBuildConfiguration;
			buildSettings = {
				ALWAYS_SEARCH_USER_PATHS = NO;
				CLANG_CXX_LANGUAGE_STANDARD = "gnu++0x";
				CLANG_CXX_LIBRARY = "libc++";
				CLANG_ENABLE_MODULES = YES;
				CLANG_ENABLE_OBJC_ARC = YES;
				CLANG_WARN_BOOL_CONVERSION = YES;
				CLANG_WARN_CONSTANT_CONVERSION = YES;
				CLANG_WARN_DIRECT_OBJC_ISA_USAGE = YES_ERROR;
				CLANG_WARN_EMPTY_BODY = YES;
				CLANG_WARN_ENUM_CONVERSION = YES;
				CLANG_WARN_INT_CONVERSION = YES;
				CLANG_WARN_OBJC_ROOT_CLASS = YES_ERROR;
				CLANG_WARN_UNREACHABLE_CODE = YES;
				CLANG_WARN__DUPLICATE_METHOD_MATCH = YES;
				"CODE_SIGN_IDENTITY[sdk=iphoneos*]" = "iPhone Developer";
				COPY_PHASE_STRIP = NO;
				DEBUG_INFORMATION_FORMAT = dwarf;
				ENABLE_STRICT_OBJC_MSGSEND = YES;
				ENABLE_TESTABILITY = YES;
				GCC_C_LANGUAGE_STANDARD = gnu99;
				GCC_DYNAMIC_NO_PIC = NO;
				GCC_NO_COMMON_BLOCKS = YES;
				GCC_OPTIMIZATION_LEVEL = 0;
				GCC_PREPROCESSOR_DEFINITIONS = (
					"DEBUG=1",
					"$(inherited)",
				);
				GCC_WARN_64_TO_32_BIT_CONVERSION = YES;
				GCC_WARN_ABOUT_RETURN_TYPE = YES_ERROR;
				GCC_WARN_UNDECLARED_SELECTOR = YES;
				GCC_WARN_UNINITIALIZED_AUTOS = YES_AGGRESSIVE;
				GCC_WARN_UNUSED_FUNCTION = YES;
				GCC_WARN_UNUSED_VARIABLE = YES;
				IPHONEOS_DEPLOYMENT_TARGET = 9.2;
				MTL_ENABLE_DEBUG_INFO = YES;
				ONLY_ACTIVE_ARCH = YES;
				SDKROOT = iphoneos;
				SWIFT_OPTIMIZATION_LEVEL = "-Onone";
				TARGETED_DEVICE_FAMILY = "1,2";
			};
			name = Debug;
		};
		2B78DE251C5B9BCC0032314B /* Release */ = {
			isa = XCBuildConfiguration;
			buildSettings = {
				ALWAYS_SEARCH_USER_PATHS = NO;
				CLANG_CXX_LANGUAGE_STANDARD = "gnu++0x";
				CLANG_CXX_LIBRARY = "libc++";
				CLANG_ENABLE_MODULES = YES;
				CLANG_ENABLE_OBJC_ARC = YES;
				CLANG_WARN_BOOL_CONVERSION = YES;
				CLANG_WARN_CONSTANT_CONVERSION = YES;
				CLANG_WARN_DIRECT_OBJC_ISA_USAGE = YES_ERROR;
				CLANG_WARN_EMPTY_BODY = YES;
				CLANG_WARN_ENUM_CONVERSION = YES;
				CLANG_WARN_INT_CONVERSION = YES;
				CLANG_WARN_OBJC_ROOT_CLASS = YES_ERROR;
				CLANG_WARN_UNREACHABLE_CODE = YES;
				CLANG_WARN__DUPLICATE_METHOD_MATCH = YES;
				"CODE_SIGN_IDENTITY[sdk=iphoneos*]" = "iPhone Developer";
				COPY_PHASE_STRIP = NO;
				DEBUG_INFORMATION_FORMAT = "dwarf-with-dsym";
				ENABLE_NS_ASSERTIONS = NO;
				ENABLE_STRICT_OBJC_MSGSEND = YES;
				GCC_C_LANGUAGE_STANDARD = gnu99;
				GCC_NO_COMMON_BLOCKS = YES;
				GCC_WARN_64_TO_32_BIT_CONVERSION = YES;
				GCC_WARN_ABOUT_RETURN_TYPE = YES_ERROR;
				GCC_WARN_UNDECLARED_SELECTOR = YES;
				GCC_WARN_UNINITIALIZED_AUTOS = YES_AGGRESSIVE;
				GCC_WARN_UNUSED_FUNCTION = YES;
				GCC_WARN_UNUSED_VARIABLE = YES;
				IPHONEOS_DEPLOYMENT_TARGET = 9.2;
				MTL_ENABLE_DEBUG_INFO = NO;
				SDKROOT = iphoneos;
				TARGETED_DEVICE_FAMILY = "1,2";
				VALIDATE_PRODUCT = YES;
			};
			name = Release;
		};
		2B78DE271C5B9BCC0032314B /* Debug */ = {
			isa = XCBuildConfiguration;
			buildSettings = {
				ASSETCATALOG_COMPILER_APPICON_NAME = AppIcon;
				CODE_SIGN_IDENTITY = "iPhone Developer";
				"CODE_SIGN_IDENTITY[sdk=iphoneos*]" = "iPhone Developer";
				INFOPLIST_FILE = Fira/Info.plist;
				LD_RUNPATH_SEARCH_PATHS = "$(inherited) @executable_path/Frameworks";
				PRODUCT_BUNDLE_IDENTIFIER = FIB.Fira;
				PRODUCT_NAME = "$(TARGET_NAME)";
				PROVISIONING_PROFILE = "";
			};
			name = Debug;
		};
		2B78DE281C5B9BCC0032314B /* Release */ = {
			isa = XCBuildConfiguration;
			buildSettings = {
				ASSETCATALOG_COMPILER_APPICON_NAME = AppIcon;
				CODE_SIGN_IDENTITY = "iPhone Developer";
				"CODE_SIGN_IDENTITY[sdk=iphoneos*]" = "iPhone Developer";
				INFOPLIST_FILE = Fira/Info.plist;
				LD_RUNPATH_SEARCH_PATHS = "$(inherited) @executable_path/Frameworks";
				PRODUCT_BUNDLE_IDENTIFIER = FIB.Fira;
				PRODUCT_NAME = "$(TARGET_NAME)";
				PROVISIONING_PROFILE = "";
			};
			name = Release;
		};
/* End XCBuildConfiguration section */

/* Begin XCConfigurationList section */
		2B78DE0F1C5B9BCB0032314B /* Build configuration list for PBXProject "Fira" */ = {
			isa = XCConfigurationList;
			buildConfigurations = (
				2B78DE241C5B9BCC0032314B /* Debug */,
				2B78DE251C5B9BCC0032314B /* Release */,
			);
			defaultConfigurationIsVisible = 0;
			defaultConfigurationName = Release;
		};
		2B78DE261C5B9BCC0032314B /* Build configuration list for PBXNativeTarget "Fira" */ = {
			isa = XCConfigurationList;
			buildConfigurations = (
				2B78DE271C5B9BCC0032314B /* Debug */,
				2B78DE281C5B9BCC0032314B /* Release */,
			);
			defaultConfigurationIsVisible = 0;
			defaultConfigurationName = Release;
		};
/* End XCConfigurationList section */
	};
	rootObject = 2B78DE0C1C5B9BCB0032314B /* Project object */;
}
