// !$*UTF8*$!
{
	archiveVersion = 1;
	classes = {
	};
	objectVersion = 46;
	objects = {

/* Begin PBXBuildFile section */
		2B17EC111C5FBB64000FA841 /* Network.swift in Sources */ = {isa = PBXBuildFile; fileRef = 2B17EC101C5FBB64000FA841 /* Network.swift */; };
		2B17EC131C5FC565000FA841 /* user in Resources */ = {isa = PBXBuildFile; fileRef = 2B17EC121C5FC565000FA841 /* user */; };
		49284F091C5B7BD3000AACFF /* UserListViewController.swift in Sources */ = {isa = PBXBuildFile; fileRef = 49284F081C5B7BD3000AACFF /* UserListViewController.swift */; };
		495CCA361C5B56AB004D6666 /* User.swift in Sources */ = {isa = PBXBuildFile; fileRef = 495CCA351C5B56AB004D6666 /* User.swift */; };
		495CCA381C5B5707004D6666 /* Name.swift in Sources */ = {isa = PBXBuildFile; fileRef = 495CCA371C5B5707004D6666 /* Name.swift */; };
		495CCA3A1C5B69D8004D6666 /* UserAttributeTableViewCell.swift in Sources */ = {isa = PBXBuildFile; fileRef = 495CCA391C5B69D8004D6666 /* UserAttributeTableViewCell.swift */; };
		4969ACA41C5AD54900EDF368 /* AppDelegate.swift in Sources */ = {isa = PBXBuildFile; fileRef = 4969ACA31C5AD54900EDF368 /* AppDelegate.swift */; };
		4969ACA61C5AD54900EDF368 /* ViewController.swift in Sources */ = {isa = PBXBuildFile; fileRef = 4969ACA51C5AD54900EDF368 /* ViewController.swift */; };
		4969ACA91C5AD54900EDF368 /* Main.storyboard in Resources */ = {isa = PBXBuildFile; fileRef = 4969ACA71C5AD54900EDF368 /* Main.storyboard */; };
		4969ACAB1C5AD54900EDF368 /* Assets.xcassets in Resources */ = {isa = PBXBuildFile; fileRef = 4969ACAA1C5AD54900EDF368 /* Assets.xcassets */; };
		4969ACAE1C5AD54900EDF368 /* LaunchScreen.storyboard in Resources */ = {isa = PBXBuildFile; fileRef = 4969ACAC1C5AD54900EDF368 /* LaunchScreen.storyboard */; };
		49D59C711C5B6C1C008F6F1A /* Attribute.swift in Sources */ = {isa = PBXBuildFile; fileRef = 49D59C701C5B6C1C008F6F1A /* Attribute.swift */; };
/* End PBXBuildFile section */

/* Begin PBXFileReference section */
		2B17EC101C5FBB64000FA841 /* Network.swift */ = {isa = PBXFileReference; fileEncoding = 4; lastKnownFileType = sourcecode.swift; path = Network.swift; sourceTree = "<group>"; };
		2B17EC121C5FC565000FA841 /* user */ = {isa = PBXFileReference; fileEncoding = 4; lastKnownFileType = text; path = user; sourceTree = "<group>"; };
		49284F081C5B7BD3000AACFF /* UserListViewController.swift */ = {isa = PBXFileReference; fileEncoding = 4; lastKnownFileType = sourcecode.swift; path = UserListViewController.swift; sourceTree = "<group>"; };
		495CCA351C5B56AB004D6666 /* User.swift */ = {isa = PBXFileReference; fileEncoding = 4; lastKnownFileType = sourcecode.swift; path = User.swift; sourceTree = "<group>"; };
		495CCA371C5B5707004D6666 /* Name.swift */ = {isa = PBXFileReference; fileEncoding = 4; lastKnownFileType = sourcecode.swift; path = Name.swift; sourceTree = "<group>"; };
		495CCA391C5B69D8004D6666 /* UserAttributeTableViewCell.swift */ = {isa = PBXFileReference; fileEncoding = 4; lastKnownFileType = sourcecode.swift; path = UserAttributeTableViewCell.swift; sourceTree = "<group>"; };
		4969ACA01C5AD54900EDF368 /* UserAPI.app */ = {isa = PBXFileReference; explicitFileType = wrapper.application; includeInIndex = 0; path = UserAPI.app; sourceTree = BUILT_PRODUCTS_DIR; };
		4969ACA31C5AD54900EDF368 /* AppDelegate.swift */ = {isa = PBXFileReference; lastKnownFileType = sourcecode.swift; path = AppDelegate.swift; sourceTree = "<group>"; };
		4969ACA51C5AD54900EDF368 /* ViewController.swift */ = {isa = PBXFileReference; lastKnownFileType = sourcecode.swift; path = ViewController.swift; sourceTree = "<group>"; };
		4969ACA81C5AD54900EDF368 /* Base */ = {isa = PBXFileReference; lastKnownFileType = file.storyboard; name = Base; path = Base.lproj/Main.storyboard; sourceTree = "<group>"; };
		4969ACAA1C5AD54900EDF368 /* Assets.xcassets */ = {isa = PBXFileReference; lastKnownFileType = folder.assetcatalog; path = Assets.xcassets; sourceTree = "<group>"; };
		4969ACAD1C5AD54900EDF368 /* Base */ = {isa = PBXFileReference; lastKnownFileType = file.storyboard; name = Base; path = Base.lproj/LaunchScreen.storyboard; sourceTree = "<group>"; };
		4969ACAF1C5AD54900EDF368 /* Info.plist */ = {isa = PBXFileReference; lastKnownFileType = text.plist.xml; path = Info.plist; sourceTree = "<group>"; };
		49D59C701C5B6C1C008F6F1A /* Attribute.swift */ = {isa = PBXFileReference; fileEncoding = 4; lastKnownFileType = sourcecode.swift; path = Attribute.swift; sourceTree = "<group>"; };
/* End PBXFileReference section */

/* Begin PBXFrameworksBuildPhase section */
		4969AC9D1C5AD54900EDF368 /* Frameworks */ = {
			isa = PBXFrameworksBuildPhase;
			buildActionMask = 2147483647;
			files = (
			);
			runOnlyForDeploymentPostprocessing = 0;
		};
/* End PBXFrameworksBuildPhase section */

/* Begin PBXGroup section */
		4969AC971C5AD54800EDF368 = {
			isa = PBXGroup;
			children = (
				4969ACA21C5AD54900EDF368 /* UserAPI */,
				4969ACA11C5AD54900EDF368 /* Products */,
			);
			sourceTree = "<group>";
		};
		4969ACA11C5AD54900EDF368 /* Products */ = {
			isa = PBXGroup;
			children = (
				4969ACA01C5AD54900EDF368 /* UserAPI.app */,
			);
			name = Products;
			sourceTree = "<group>";
		};
		4969ACA21C5AD54900EDF368 /* UserAPI */ = {
			isa = PBXGroup;
			children = (
				4969ACA31C5AD54900EDF368 /* AppDelegate.swift */,
				4969ACA51C5AD54900EDF368 /* ViewController.swift */,
				49284F081C5B7BD3000AACFF /* UserListViewController.swift */,
				49D59C701C5B6C1C008F6F1A /* Attribute.swift */,
				495CCA351C5B56AB004D6666 /* User.swift */,
				495CCA371C5B5707004D6666 /* Name.swift */,
				4969ACA71C5AD54900EDF368 /* Main.storyboard */,
				495CCA391C5B69D8004D6666 /* UserAttributeTableViewCell.swift */,
				4969ACAA1C5AD54900EDF368 /* Assets.xcassets */,
				4969ACAC1C5AD54900EDF368 /* LaunchScreen.storyboard */,
				2B17EC101C5FBB64000FA841 /* Network.swift */,
				2B17EC121C5FC565000FA841 /* user */,
				4969ACAF1C5AD54900EDF368 /* Info.plist */,
			);
			path = UserAPI;
			sourceTree = "<group>";
		};
/* End PBXGroup section */

/* Begin PBXNativeTarget section */
		4969AC9F1C5AD54900EDF368 /* UserAPI */ = {
			isa = PBXNativeTarget;
			buildConfigurationList = 4969ACB21C5AD54900EDF368 /* Build configuration list for PBXNativeTarget "UserAPI" */;
			buildPhases = (
				4969AC9C1C5AD54900EDF368 /* Sources */,
				4969AC9D1C5AD54900EDF368 /* Frameworks */,
				4969AC9E1C5AD54900EDF368 /* Resources */,
			);
			buildRules = (
			);
			dependencies = (
			);
			name = UserAPI;
			productName = UserAPI;
			productReference = 4969ACA01C5AD54900EDF368 /* UserAPI.app */;
			productType = "com.apple.product-type.application";
		};
/* End PBXNativeTarget section */

/* Begin PBXProject section */
		4969AC981C5AD54800EDF368 /* Project object */ = {
			isa = PBXProject;
			attributes = {
				LastSwiftUpdateCheck = 0720;
				LastUpgradeCheck = 0720;
				ORGANIZATIONNAME = "HELM S.C.P";
				TargetAttributes = {
					4969AC9F1C5AD54900EDF368 = {
						CreatedOnToolsVersion = 7.2;
						DevelopmentTeam = 9G9FQDT786;
					};
				};
			};
			buildConfigurationList = 4969AC9B1C5AD54800EDF368 /* Build configuration list for PBXProject "UserAPI" */;
			compatibilityVersion = "Xcode 3.2";
			developmentRegion = English;
			hasScannedForEncodings = 0;
			knownRegions = (
				en,
				Base,
			);
			mainGroup = 4969AC971C5AD54800EDF368;
			productRefGroup = 4969ACA11C5AD54900EDF368 /* Products */;
			projectDirPath = "";
			projectRoot = "";
			targets = (
				4969AC9F1C5AD54900EDF368 /* UserAPI */,
			);
		};
/* End PBXProject section */

/* Begin PBXResourcesBuildPhase section */
		4969AC9E1C5AD54900EDF368 /* Resources */ = {
			isa = PBXResourcesBuildPhase;
			buildActionMask = 2147483647;
			files = (
				4969ACAE1C5AD54900EDF368 /* LaunchScreen.storyboard in Resources */,
				4969ACAB1C5AD54900EDF368 /* Assets.xcassets in Resources */,
				4969ACA91C5AD54900EDF368 /* Main.storyboard in Resources */,
				2B17EC131C5FC565000FA841 /* user in Resources */,
			);
			runOnlyForDeploymentPostprocessing = 0;
		};
/* End PBXResourcesBuildPhase section */

/* Begin PBXSourcesBuildPhase section */
		4969AC9C1C5AD54900EDF368 /* Sources */ = {
			isa = PBXSourcesBuildPhase;
			buildActionMask = 2147483647;
			files = (
				49284F091C5B7BD3000AACFF /* UserListViewController.swift in Sources */,
				49D59C711C5B6C1C008F6F1A /* Attribute.swift in Sources */,
				2B17EC111C5FBB64000FA841 /* Network.swift in Sources */,
				4969ACA61C5AD54900EDF368 /* ViewController.swift in Sources */,
				495CCA3A1C5B69D8004D6666 /* UserAttributeTableViewCell.swift in Sources */,
				4969ACA41C5AD54900EDF368 /* AppDelegate.swift in Sources */,
				495CCA381C5B5707004D6666 /* Name.swift in Sources */,
				495CCA361C5B56AB004D6666 /* User.swift in Sources */,
			);
			runOnlyForDeploymentPostprocessing = 0;
		};
/* End PBXSourcesBuildPhase section */

/* Begin PBXVariantGroup section */
		4969ACA71C5AD54900EDF368 /* Main.storyboard */ = {
			isa = PBXVariantGroup;
			children = (
				4969ACA81C5AD54900EDF368 /* Base */,
			);
			name = Main.storyboard;
			sourceTree = "<group>";
		};
		4969ACAC1C5AD54900EDF368 /* LaunchScreen.storyboard */ = {
			isa = PBXVariantGroup;
			children = (
				4969ACAD1C5AD54900EDF368 /* Base */,
			);
			name = LaunchScreen.storyboard;
			sourceTree = "<group>";
		};
/* End PBXVariantGroup section */

/* Begin XCBuildConfiguration section */
		4969ACB01C5AD54900EDF368 /* Debug */ = {
			isa = XCBuildConfiguration;
			buildSettings = {
				ALWAYS_SEARCH_USER_PATHS = NO;
				CLANG_CXX_LANGUAGE_STANDARD = "gnu++0x";
				CLANG_CXX_LIBRARY = "libc++";
				CLANG_ENABLE_MODULES = YES;
				CLANG_ENABLE_OBJC_ARC = YES;
				CLANG_WARN_BOOL_CONVERSION = YES;
				CLANG_WARN_CONSTANT_CONVERSION = YES;
				CLANG_WARN_DIRECT_OBJC_ISA_USAGE = YES_ERROR;
				CLANG_WARN_EMPTY_BODY = YES;
				CLANG_WARN_ENUM_CONVERSION = YES;
				CLANG_WARN_INT_CONVERSION = YES;
				CLANG_WARN_OBJC_ROOT_CLASS = YES_ERROR;
				CLANG_WARN_UNREACHABLE_CODE = YES;
				CLANG_WARN__DUPLICATE_METHOD_MATCH = YES;
				"CODE_SIGN_IDENTITY[sdk=iphoneos*]" = "iPhone Developer";
				COPY_PHASE_STRIP = NO;
				DEBUG_INFORMATION_FORMAT = dwarf;
				ENABLE_STRICT_OBJC_MSGSEND = YES;
				ENABLE_TESTABILITY = YES;
				GCC_C_LANGUAGE_STANDARD = gnu99;
				GCC_DYNAMIC_NO_PIC = NO;
				GCC_NO_COMMON_BLOCKS = YES;
				GCC_OPTIMIZATION_LEVEL = 0;
				GCC_PREPROCESSOR_DEFINITIONS = (
					"DEBUG=1",
					"$(inherited)",
				);
				GCC_WARN_64_TO_32_BIT_CONVERSION = YES;
				GCC_WARN_ABOUT_RETURN_TYPE = YES_ERROR;
				GCC_WARN_UNDECLARED_SELECTOR = YES;
				GCC_WARN_UNINITIALIZED_AUTOS = YES_AGGRESSIVE;
				GCC_WARN_UNUSED_FUNCTION = YES;
				GCC_WARN_UNUSED_VARIABLE = YES;
				IPHONEOS_DEPLOYMENT_TARGET = 9.2;
				MTL_ENABLE_DEBUG_INFO = YES;
				ONLY_ACTIVE_ARCH = YES;
				SDKROOT = iphoneos;
				SWIFT_OPTIMIZATION_LEVEL = "-Onone";
			};
			name = Debug;
		};
		4969ACB11C5AD54900EDF368 /* Release */ = {
			isa = XCBuildConfiguration;
			buildSettings = {
				ALWAYS_SEARCH_USER_PATHS = NO;
				CLANG_CXX_LANGUAGE_STANDARD = "gnu++0x";
				CLANG_CXX_LIBRARY = "libc++";
				CLANG_ENABLE_MODULES = YES;
				CLANG_ENABLE_OBJC_ARC = YES;
				CLANG_WARN_BOOL_CONVERSION = YES;
				CLANG_WARN_CONSTANT_CONVERSION = YES;
				CLANG_WARN_DIRECT_OBJC_ISA_USAGE = YES_ERROR;
				CLANG_WARN_EMPTY_BODY = YES;
				CLANG_WARN_ENUM_CONVERSION = YES;
				CLANG_WARN_INT_CONVERSION = YES;
				CLANG_WARN_OBJC_ROOT_CLASS = YES_ERROR;
				CLANG_WARN_UNREACHABLE_CODE = YES;
				CLANG_WARN__DUPLICATE_METHOD_MATCH = YES;
				"CODE_SIGN_IDENTITY[sdk=iphoneos*]" = "iPhone Developer";
				COPY_PHASE_STRIP = NO;
				DEBUG_INFORMATION_FORMAT = "dwarf-with-dsym";
				ENABLE_NS_ASSERTIONS = NO;
				ENABLE_STRICT_OBJC_MSGSEND = YES;
				GCC_C_LANGUAGE_STANDARD = gnu99;
				GCC_NO_COMMON_BLOCKS = YES;
				GCC_WARN_64_TO_32_BIT_CONVERSION = YES;
				GCC_WARN_ABOUT_RETURN_TYPE = YES_ERROR;
				GCC_WARN_UNDECLARED_SELECTOR = YES;
				GCC_WARN_UNINITIALIZED_AUTOS = YES_AGGRESSIVE;
				GCC_WARN_UNUSED_FUNCTION = YES;
				GCC_WARN_UNUSED_VARIABLE = YES;
				IPHONEOS_DEPLOYMENT_TARGET = 9.2;
				MTL_ENABLE_DEBUG_INFO = NO;
				SDKROOT = iphoneos;
				VALIDATE_PRODUCT = YES;
			};
			name = Release;
		};
		4969ACB31C5AD54900EDF368 /* Debug */ = {
			isa = XCBuildConfiguration;
			buildSettings = {
				ASSETCATALOG_COMPILER_APPICON_NAME = AppIcon;
				CODE_SIGN_IDENTITY = "iPhone Developer";
				"CODE_SIGN_IDENTITY[sdk=iphoneos*]" = "iPhone Developer";
				INFOPLIST_FILE = UserAPI/Info.plist;
				LD_RUNPATH_SEARCH_PATHS = "$(inherited) @executable_path/Frameworks";
				PRODUCT_BUNDLE_IDENTIFIER = helm.UserAPI;
				PRODUCT_NAME = "$(TARGET_NAME)";
				PROVISIONING_PROFILE = "";
				TARGETED_DEVICE_FAMILY = "1,2";
			};
			name = Debug;
		};
		4969ACB41C5AD54900EDF368 /* Release */ = {
			isa = XCBuildConfiguration;
			buildSettings = {
				ASSETCATALOG_COMPILER_APPICON_NAME = AppIcon;
				CODE_SIGN_IDENTITY = "iPhone Developer";
				"CODE_SIGN_IDENTITY[sdk=iphoneos*]" = "iPhone Developer";
				INFOPLIST_FILE = UserAPI/Info.plist;
				LD_RUNPATH_SEARCH_PATHS = "$(inherited) @executable_path/Frameworks";
				PRODUCT_BUNDLE_IDENTIFIER = helm.UserAPI;
				PRODUCT_NAME = "$(TARGET_NAME)";
				PROVISIONING_PROFILE = "";
				TARGETED_DEVICE_FAMILY = "1,2";
			};
			name = Release;
		};
/* End XCBuildConfiguration section */

/* Begin XCConfigurationList section */
		4969AC9B1C5AD54800EDF368 /* Build configuration list for PBXProject "UserAPI" */ = {
			isa = XCConfigurationList;
			buildConfigurations = (
				4969ACB01C5AD54900EDF368 /* Debug */,
				4969ACB11C5AD54900EDF368 /* Release */,
			);
			defaultConfigurationIsVisible = 0;
			defaultConfigurationName = Release;
		};
		4969ACB21C5AD54900EDF368 /* Build configuration list for PBXNativeTarget "UserAPI" */ = {
			isa = XCConfigurationList;
			buildConfigurations = (
				4969ACB31C5AD54900EDF368 /* Debug */,
				4969ACB41C5AD54900EDF368 /* Release */,
			);
			defaultConfigurationIsVisible = 0;
			defaultConfigurationName = Release;
		};
/* End XCConfigurationList section */
	};
	rootObject = 4969AC981C5AD54800EDF368 /* Project object */;
}
